
Microsoft Visual Studio Solution File, Format Version 12.00
# Visual Studio 2012
Project("{FAE04EC0-301F-11D3-BF4B-00C04F79EFBC}") = "TcpIP_class", "TcpIP_class.csproj", "{3F80D8AD-2518-4EDD-B549-3924BBE013A6}"
EndProject
Global
	GlobalSection(SolutionConfigurationPlatforms) = preSolution
		Debug|Any CPU = Debug|Any CPU
		Release|Any CPU = Release|Any CPU
	EndGlobalSection
	GlobalSection(ProjectConfigurationPlatforms) = postSolution
		{3F80D8AD-2518-4EDD-B549-3924BBE013A6}.Debug|Any CPU.ActiveCfg = Debug|Any CPU
		{3F80D8AD-2518-4EDD-B549-3924BBE013A6}.Debug|Any CPU.Build.0 = Debug|Any CPU
		{3F80D8AD-2518-4EDD-B549-3924BBE013A6}.Release|Any CPU.ActiveCfg = Release|Any CPU
		{3F80D8AD-2518-4EDD-B549-3924BBE013A6}.Release|Any CPU.Build.0 = Release|Any CPU
	EndGlobalSection
	GlobalSection(SolutionProperties) = preSolution
		HideSolutionNode = FALSE
	EndGlobalSection
EndGlobal
